
Microsoft Visual Studio Solution File, Format Version 12.00
# Visual Studio 15
VisualStudioVersion = 15.0.28307.1000
MinimumVisualStudioVersion = 10.0.40219.1
Project("{FAE04EC0-301F-11D3-BF4B-00C04F79EFBC}") = "DWM", "DWM\DWM.csproj", "{81AFB53B-13AC-4CC5-85F8-832E148535C3}"
EndProject
Project("{FAE04EC0-301F-11D3-BF4B-00C04F79EFBC}") = "UnitTestProject1", "UnitTestProject1\UnitTestProject1.csproj", "{4203724F-23A0-4B22-974F-7F8542AEE937}"
EndProject
Global
	GlobalSection(SolutionConfigurationPlatforms) = preSolution
		Debug|Any CPU = Debug|Any CPU
		Release|Any CPU = Release|Any CPU
	EndGlobalSection
	GlobalSection(ProjectConfigurationPlatforms) = postSolution
		{81AFB53B-13AC-4CC5-85F8-832E148535C3}.Debug|Any CPU.ActiveCfg = Debug|Any CPU
		{81AFB53B-13AC-4CC5-85F8-832E148535C3}.Debug|Any CPU.Build.0 = Debug|Any CPU
		{81AFB53B-13AC-4CC5-85F8-832E148535C3}.Release|Any CPU.ActiveCfg = Release|Any CPU
		{81AFB53B-13AC-4CC5-85F8-832E148535C3}.Release|Any CPU.Build.0 = Release|Any CPU
		{4203724F-23A0-4B22-974F-7F8542AEE937}.Debug|Any CPU.ActiveCfg = Debug|Any CPU
		{4203724F-23A0-4B22-974F-7F8542AEE937}.Debug|Any CPU.Build.0 = Debug|Any CPU
		{4203724F-23A0-4B22-974F-7F8542AEE937}.Release|Any CPU.ActiveCfg = Release|Any CPU
		{4203724F-23A0-4B22-974F-7F8542AEE937}.Release|Any CPU.Build.0 = Release|Any CPU
	EndGlobalSection
	GlobalSection(SolutionProperties) = preSolution
		HideSolutionNode = FALSE
	EndGlobalSection
	GlobalSection(ExtensibilityGlobals) = postSolution
		SolutionGuid = {8E785E8F-7023-4F68-B213-F5C72EA6C069}
	EndGlobalSection
EndGlobal
